
Microsoft Visual Studio Solution File, Format Version 12.00
# Visual Studio Version 17
VisualStudioVersion = 17.1.32210.238
MinimumVisualStudioVersion = 10.0.40219.1
Project("{FAE04EC0-301F-11D3-BF4B-00C04F79EFBC}") = "NotepadApp", "NotepadApp\NotepadApp.csproj", "{A6C967DB-9A50-401C-832C-8191F2C2ED00}"
EndProject
Global
	GlobalSection(SolutionConfigurationPlatforms) = preSolution
		Debug|Any CPU = Debug|Any CPU
		Release|Any CPU = Release|Any CPU
	EndGlobalSection
	GlobalSection(ProjectConfigurationPlatforms) = postSolution
		{A6C967DB-9A50-401C-832C-8191F2C2ED00}.Debug|Any CPU.ActiveCfg = Debug|Any CPU
		{A6C967DB-9A50-401C-832C-8191F2C2ED00}.Debug|Any CPU.Build.0 = Debug|Any CPU
		{A6C967DB-9A50-401C-832C-8191F2C2ED00}.Release|Any CPU.ActiveCfg = Release|Any CPU
		{A6C967DB-9A50-401C-832C-8191F2C2ED00}.Release|Any CPU.Build.0 = Release|Any CPU
	EndGlobalSection
	GlobalSection(SolutionProperties) = preSolution
		HideSolutionNode = FALSE
	EndGlobalSection
	GlobalSection(ExtensibilityGlobals) = postSolution
		SolutionGuid = {458769A1-9DF7-43EE-9BFD-5C2E9A95C254}
	EndGlobalSection
EndGlobal
